
Microsoft Visual Studio Solution File, Format Version 12.00
Project("{FAE04EC0-301F-11D3-BF4B-00C04F79EFBC}") = "KDPgDriver", "KDPgDriver.csproj", "{8459E2DB-7FED-4D8C-83A2-B081E9067352}"
EndProject
Project("{FAE04EC0-301F-11D3-BF4B-00C04F79EFBC}") = "KDLib", "..\KDLib\KDLib.csproj", "{FEB9AA6F-1DBA-49C6-A085-31FFF1AE9562}"
EndProject
Global
	GlobalSection(SolutionConfigurationPlatforms) = preSolution
		Debug|Any CPU = Debug|Any CPU
		Release|Any CPU = Release|Any CPU
	EndGlobalSection
	GlobalSection(ProjectConfigurationPlatforms) = postSolution
		{8459E2DB-7FED-4D8C-83A2-B081E9067352}.Debug|Any CPU.ActiveCfg = Debug|Any CPU
		{8459E2DB-7FED-4D8C-83A2-B081E9067352}.Debug|Any CPU.Build.0 = Debug|Any CPU
		{8459E2DB-7FED-4D8C-83A2-B081E9067352}.Release|Any CPU.ActiveCfg = Release|Any CPU
		{8459E2DB-7FED-4D8C-83A2-B081E9067352}.Release|Any CPU.Build.0 = Release|Any CPU
		{FEB9AA6F-1DBA-49C6-A085-31FFF1AE9562}.Debug|Any CPU.ActiveCfg = Debug|Any CPU
		{FEB9AA6F-1DBA-49C6-A085-31FFF1AE9562}.Debug|Any CPU.Build.0 = Debug|Any CPU
		{FEB9AA6F-1DBA-49C6-A085-31FFF1AE9562}.Release|Any CPU.ActiveCfg = Release|Any CPU
		{FEB9AA6F-1DBA-49C6-A085-31FFF1AE9562}.Release|Any CPU.Build.0 = Release|Any CPU
	EndGlobalSection
EndGlobal
